version = 1
revision = 3
requires-python = "==3.11.*"

[[package]]
name = "addon"
version = "0.0.0"
source = { virtual = "." }
dependencies = [
    { name = "freecad-stubs" },
    { name = "pyproj" },
    { name = "pyside6" },
    { name = "scipy" },
]

[package.metadata]
requires-dist = [
    { name = "freecad-stubs", specifier = ">=1.0.21" },
    { name = "pyproj", specifier = ">=3.7.2" },
    { name = "pyside6", specifier = ">=6.9.2" },
    { name = "scipy", specifier = ">=1.17.0" },
]

[[package]]
name = "certifi"
version = "2026.1.4"
source = { registry = "https://pypi.org/simple" }
sdist = { url = "https://files.pythonhosted.org/packages/e0/2d/a891ca51311197f6ad14a7ef42e2399f36cf2f9bd44752b3dc4eab60fdc5/certifi-2026.1.4.tar.gz", hash = "sha256:ac726dd470482006e014ad384921ed6438c457018f4b3d204aea4281258b2120", size = 154268, upload-time = "2026-01-04T02:42:41.825Z" }
wheels = [
    { url = "https://files.pythonhosted.org/packages/e6/ad/3cc14f097111b4de0040c83a525973216457bbeeb63739ef1ed275c1c021/certifi-2026.1.4-py3-none-any.whl", hash = "sha256:9943707519e4add1115f44c2bc244f782c0249876bf51b6599fee1ffbedd685c", size = 152900, upload-time = "2026-01-04T02:42:40.15Z" },
]

[[package]]
name = "freecad-stubs"
version = "1.0.21"
source = { registry = "https://pypi.org/simple" }
dependencies = [
    { name = "qtpy" },
]
sdist = { url = "https://files.pythonhosted.org/packages/b9/52/efd3cb97dad75cc5f922d5081b16f866cfcbbcbf948d404db298f9b21e0d/freecad_stubs-1.0.21.tar.gz", hash = "sha256:816b2ca663a44e75189482ab970f90278a112ff2b99f64edd216c13d553b52f5", size = 208363, upload-time = "2025-07-21T23:58:37.615Z" }
wheels = [
    { url = "https://files.pythonhosted.org/packages/99/bc/cdfb911f753b4b4f8e400d66d805e5718e32632837507b574a573b3efa24/freecad_stubs-1.0.21-py3-none-any.whl", hash = "sha256:fa96244b1a05e5130b0f96b3eb4ef9aca0f0aa437fff8000cb0750bdbb4edccc", size = 218416, upload-time = "2025-07-21T23:58:36.052Z" },
]

[[package]]
name = "numpy"
version = "2.4.2"
source = { registry = "https://pypi.org/simple" }
sdist = { url = "https://files.pythonhosted.org/packages/57/fd/0005efbd0af48e55eb3c7208af93f2862d4b1a56cd78e84309a2d959208d/numpy-2.4.2.tar.gz", hash = "sha256:659a6107e31a83c4e33f763942275fd278b21d095094044eb35569e86a21ddae", size = 20723651, upload-time = "2026-01-31T23:13:10.135Z" }
wheels = [
    { url = "https://files.pythonhosted.org/packages/d3/44/71852273146957899753e69986246d6a176061ea183407e95418c2aa4d9a/numpy-2.4.2-cp311-cp311-macosx_10_9_x86_64.whl", hash = "sha256:e7e88598032542bd49af7c4747541422884219056c268823ef6e5e89851c8825", size = 16955478, upload-time = "2026-01-31T23:10:25.623Z" },
    { url = "https://files.pythonhosted.org/packages/74/41/5d17d4058bd0cd96bcbd4d9ff0fb2e21f52702aab9a72e4a594efa18692f/numpy-2.4.2-cp311-cp311-macosx_11_0_arm64.whl", hash = "sha256:7edc794af8b36ca37ef5fcb5e0d128c7e0595c7b96a2318d1badb6fcd8ee86b1", size = 14965467, upload-time = "2026-01-31T23:10:28.186Z" },
    { url = "https://files.pythonhosted.org/packages/49/48/fb1ce8136c19452ed15f033f8aee91d5defe515094e330ce368a0647846f/numpy-2.4.2-cp311-cp311-macosx_14_0_arm64.whl", hash = "sha256:6e9f61981ace1360e42737e2bae58b27bf28a1b27e781721047d84bd754d32e7", size = 5475172, upload-time = "2026-01-31T23:10:30.848Z" },
    { url = "https://files.pythonhosted.org/packages/40/a9/3feb49f17bbd1300dd2570432961f5c8a4ffeff1db6f02c7273bd020a4c9/numpy-2.4.2-cp311-cp311-macosx_14_0_x86_64.whl", hash = "sha256:cb7bbb88aa74908950d979eeaa24dbdf1a865e3c7e45ff0121d8f70387b55f73", size = 6805145, upload-time = "2026-01-31T23:10:32.352Z" },
    { url = "https://files.pythonhosted.org/packages/3f/39/fdf35cbd6d6e2fcad42fcf85ac04a85a0d0fbfbf34b30721c98d602fd70a/numpy-2.4.2-cp311-cp311-manylinux_2_27_aarch64.manylinux_2_28_aarch64.whl", hash = "sha256:4f069069931240b3fc703f1e23df63443dbd6390614c8c44a87d96cd0ec81eb1", size = 15966084, upload-time = "2026-01-31T23:10:34.502Z" },
    { url = "https://files.pythonhosted.org/packages/1b/46/6fa4ea94f1ddf969b2ee941290cca6f1bfac92b53c76ae5f44afe17ceb69/numpy-2.4.2-cp311-cp311-manylinux_2_27_x86_64.manylinux_2_28_x86_64.whl", hash = "sha256:c02ef4401a506fb60b411467ad501e1429a3487abca4664871d9ae0b46c8ba32", size = 16899477, upload-time = "2026-01-31T23:10:37.075Z" },
    { url = "https://files.pythonhosted.org/packages/09/a1/2a424e162b1a14a5bd860a464ab4e07513916a64ab1683fae262f735ccd2/numpy-2.4.2-cp311-cp311-musllinux_1_2_aarch64.whl", hash = "sha256:2653de5c24910e49c2b106499803124dde62a5a1fe0eedeaecf4309a5f639390", size = 17323429, upload-time = "2026-01-31T23:10:39.704Z" },
    { url = "https://files.pythonhosted.org/packages/ce/a2/73014149ff250628df72c58204822ac01d768697913881aacf839ff78680/numpy-2.4.2-cp311-cp311-musllinux_1_2_x86_64.whl", hash = "sha256:1ae241bbfc6ae276f94a170b14785e561cb5e7f626b6688cf076af4110887413", size = 18635109, upload-time = "2026-01-31T23:10:41.924Z" },
    { url = "https://files.pythonhosted.org/packages/6c/0c/73e8be2f1accd56df74abc1c5e18527822067dced5ec0861b5bb882c2ce0/numpy-2.4.2-cp311-cp311-win32.whl", hash = "sha256:df1b10187212b198dd45fa943d8985a3c8cf854aed4923796e0e019e113a1bda", size = 6237915, upload-time = "2026-01-31T23:10:45.26Z" },
    { url = "https://files.pythonhosted.org/packages/76/ae/e0265e0163cf127c24c3969d29f1c4c64551a1e375d95a13d32eab25d364/numpy-2.4.2-cp311-cp311-win_amd64.whl", hash = "sha256:b9c618d56a29c9cb1c4da979e9899be7578d2e0b3c24d52079c166324c9e8695", size = 12607972, upload-time = "2026-01-31T23:10:47.021Z" },
    { url = "https://files.pythonhosted.org/packages/29/a5/c43029af9b8014d6ea157f192652c50042e8911f4300f8f6ed3336bf437f/numpy-2.4.2-cp311-cp311-win_arm64.whl", hash = "sha256:47c5a6ed21d9452b10227e5e8a0e1c22979811cad7dcc19d8e3e2fb8fa03f1a3", size = 10485763, upload-time = "2026-01-31T23:10:50.087Z" },
    { url = "https://files.pythonhosted.org/packages/f4/f8/50e14d36d915ef64d8f8bc4a087fc8264d82c785eda6711f80ab7e620335/numpy-2.4.2-pp311-pypy311_pp73-macosx_10_15_x86_64.whl", hash = "sha256:89f7268c009bc492f506abd6f5265defa7cb3f7487dc21d357c3d290add45082", size = 16833179, upload-time = "2026-01-31T23:12:53.5Z" },
    { url = "https://files.pythonhosted.org/packages/17/17/809b5cad63812058a8189e91a1e2d55a5a18fd04611dbad244e8aeae465c/numpy-2.4.2-pp311-pypy311_pp73-macosx_11_0_arm64.whl", hash = "sha256:e6dee3bb76aa4009d5a912180bf5b2de012532998d094acee25d9cb8dee3e44a", size = 14889755, upload-time = "2026-01-31T23:12:55.933Z" },
    { url = "https://files.pythonhosted.org/packages/3e/ea/181b9bcf7627fc8371720316c24db888dcb9829b1c0270abf3d288b2e29b/numpy-2.4.2-pp311-pypy311_pp73-macosx_14_0_arm64.whl", hash = "sha256:cd2bd2bbed13e213d6b55dc1d035a4f91748a7d3edc9480c13898b0353708920", size = 5399500, upload-time = "2026-01-31T23:12:58.671Z" },
    { url = "https://files.pythonhosted.org/packages/33/9f/413adf3fc955541ff5536b78fcf0754680b3c6d95103230252a2c9408d23/numpy-2.4.2-pp311-pypy311_pp73-macosx_14_0_x86_64.whl", hash = "sha256:cf28c0c1d4c4bf00f509fa7eb02c58d7caf221b50b467bcb0d9bbf1584d5c821", size = 6714252, upload-time = "2026-01-31T23:13:00.518Z" },
    { url = "https://files.pythonhosted.org/packages/91/da/643aad274e29ccbdf42ecd94dafe524b81c87bcb56b83872d54827f10543/numpy-2.4.2-pp311-pypy311_pp73-manylinux_2_27_aarch64.manylinux_2_28_aarch64.whl", hash = "sha256:e04ae107ac591763a47398bb45b568fc38f02dbc4aa44c063f67a131f99346cb", size = 15797142, upload-time = "2026-01-31T23:13:02.219Z" },
    { url = "https://files.pythonhosted.org/packages/66/27/965b8525e9cb5dc16481b30a1b3c21e50c7ebf6e9dbd48d0c4d0d5089c7e/numpy-2.4.2-pp311-pypy311_pp73-manylinux_2_27_x86_64.manylinux_2_28_x86_64.whl", hash = "sha256:602f65afdef699cda27ec0b9224ae5dc43e328f4c24c689deaf77133dbee74d0", size = 16727979, upload-time = "2026-01-31T23:13:04.62Z" },
    { url = "https://files.pythonhosted.org/packages/de/e5/b7d20451657664b07986c2f6e3be564433f5dcaf3482d68eaecd79afaf03/numpy-2.4.2-pp311-pypy311_pp73-win_amd64.whl", hash = "sha256:be71bf1edb48ebbbf7f6337b5bfd2f895d1902f6335a5830b20141fc126ffba0", size = 12502577, upload-time = "2026-01-31T23:13:07.08Z" },
]

[[package]]
name = "packaging"
version = "26.0"
source = { registry = "https://pypi.org/simple" }
sdist = { url = "https://files.pythonhosted.org/packages/65/ee/299d360cdc32edc7d2cf530f3accf79c4fca01e96ffc950d8a52213bd8e4/packaging-26.0.tar.gz", hash = "sha256:00243ae351a257117b6a241061796684b084ed1c516a08c48a3f7e147a9d80b4", size = 143416, upload-time = "2026-01-21T20:50:39.064Z" }
wheels = [
    { url = "https://files.pythonhosted.org/packages/b7/b9/c538f279a4e237a006a2c98387d081e9eb060d203d8ed34467cc0f0b9b53/packaging-26.0-py3-none-any.whl", hash = "sha256:b36f1fef9334a5588b4166f8bcd26a14e521f2b55e6b9de3aaa80d3ff7a37529", size = 74366, upload-time = "2026-01-21T20:50:37.788Z" },
]

[[package]]
name = "pyproj"
version = "3.7.2"
source = { registry = "https://pypi.org/simple" }
dependencies = [
    { name = "certifi" },
]
sdist = { url = "https://files.pythonhosted.org/packages/04/90/67bd7260b4ea9b8b20b4f58afef6c223ecb3abf368eb4ec5bc2cdef81b49/pyproj-3.7.2.tar.gz", hash = "sha256:39a0cf1ecc7e282d1d30f36594ebd55c9fae1fda8a2622cee5d100430628f88c", size = 226279, upload-time = "2025-08-14T12:05:42.18Z" }
wheels = [
    { url = "https://files.pythonhosted.org/packages/a6/bd/f205552cd1713b08f93b09e39a3ec99edef0b3ebbbca67b486fdf1abe2de/pyproj-3.7.2-cp311-cp311-macosx_13_0_x86_64.whl", hash = "sha256:2514d61f24c4e0bb9913e2c51487ecdaeca5f8748d8313c933693416ca41d4d5", size = 6227022, upload-time = "2025-08-14T12:03:51.474Z" },
    { url = "https://files.pythonhosted.org/packages/75/4c/9a937e659b8b418ab573c6d340d27e68716928953273e0837e7922fcac34/pyproj-3.7.2-cp311-cp311-macosx_14_0_arm64.whl", hash = "sha256:8693ca3892d82e70de077701ee76dd13d7bca4ae1c9d1e739d72004df015923a", size = 4625810, upload-time = "2025-08-14T12:03:53.808Z" },
    { url = "https://files.pythonhosted.org/packages/c0/7d/a9f41e814dc4d1dc54e95b2ccaf0b3ebe3eb18b1740df05fe334724c3d89/pyproj-3.7.2-cp311-cp311-manylinux_2_28_aarch64.whl", hash = "sha256:5e26484d80fea56273ed1555abaea161e9661d81a6c07815d54b8e883d4ceb25", size = 9638694, upload-time = "2025-08-14T12:03:55.669Z" },
    { url = "https://files.pythonhosted.org/packages/ad/ab/9bdb4a6216b712a1f9aab1c0fcbee5d3726f34a366f29c3e8c08a78d6b70/pyproj-3.7.2-cp311-cp311-manylinux_2_28_x86_64.whl", hash = "sha256:281cb92847814e8018010c48b4069ff858a30236638631c1a91dd7bfa68f8a8a", size = 9493977, upload-time = "2025-08-14T12:03:57.937Z" },
    { url = "https://files.pythonhosted.org/packages/c9/db/2db75b1b6190f1137b1c4e8ef6a22e1c338e46320f6329bfac819143e063/pyproj-3.7.2-cp311-cp311-musllinux_1_2_aarch64.whl", hash = "sha256:9c8577f0b7bb09118ec2e57e3babdc977127dd66326d6c5d755c76b063e6d9dc", size = 10841151, upload-time = "2025-08-14T12:04:00.271Z" },
    { url = "https://files.pythonhosted.org/packages/89/f7/989643394ba23a286e9b7b3f09981496172f9e0d4512457ffea7dc47ffc7/pyproj-3.7.2-cp311-cp311-musllinux_1_2_x86_64.whl", hash = "sha256:a23f59904fac3a5e7364b3aa44d288234af267ca041adb2c2b14a903cd5d3ac5", size = 10751585, upload-time = "2025-08-14T12:04:02.228Z" },
    { url = "https://files.pythonhosted.org/packages/53/6d/ad928fe975a6c14a093c92e6a319ca18f479f3336bb353a740bdba335681/pyproj-3.7.2-cp311-cp311-win32.whl", hash = "sha256:f2af4ed34b2cf3e031a2d85b067a3ecbd38df073c567e04b52fa7a0202afde8a", size = 5908533, upload-time = "2025-08-14T12:04:04.821Z" },
    { url = "https://files.pythonhosted.org/packages/79/e0/b95584605cec9ed50b7ebaf7975d1c4ddeec5a86b7a20554ed8b60042bd7/pyproj-3.7.2-cp311-cp311-win_amd64.whl", hash = "sha256:0b7cb633565129677b2a183c4d807c727d1c736fcb0568a12299383056e67433", size = 6320742, upload-time = "2025-08-14T12:04:06.357Z" },
    { url = "https://files.pythonhosted.org/packages/b7/4d/536e8f93bca808175c2d0a5ac9fdf69b960d8ab6b14f25030dccb07464d7/pyproj-3.7.2-cp311-cp311-win_arm64.whl", hash = "sha256:38b08d85e3a38e455625b80e9eb9f78027c8e2649a21dec4df1f9c3525460c71", size = 6245772, upload-time = "2025-08-14T12:04:08.365Z" },
]

[[package]]
name = "pyside6"
version = "6.10.1"
source = { registry = "https://pypi.org/simple" }
dependencies = [
    { name = "pyside6-addons" },
    { name = "pyside6-essentials" },
    { name = "shiboken6" },
]
wheels = [
    { url = "https://files.pythonhosted.org/packages/56/22/f82cfcd1158be502c5741fe67c3fa853f3c1edbd3ac2c2250769dd9722d1/pyside6-6.10.1-cp39-abi3-macosx_13_0_universal2.whl", hash = "sha256:d0e70dd0e126d01986f357c2a555722f9462cf8a942bf2ce180baf69f468e516", size = 558169, upload-time = "2025-11-20T10:09:08.79Z" },
    { url = "https://files.pythonhosted.org/packages/66/eb/54afe242a25d1c33b04ecd8321a549d9efb7b89eef7690eed92e98ba1dc9/pyside6-6.10.1-cp39-abi3-manylinux_2_34_x86_64.whl", hash = "sha256:4053bf51ba2c2cb20e1005edd469997976a02cec009f7c46356a0b65c137f1fa", size = 557818, upload-time = "2025-11-20T10:09:10.132Z" },
    { url = "https://files.pythonhosted.org/packages/4d/af/5706b1b33587dc2f3dfa3a5000424befba35e4f2d5889284eebbde37138b/pyside6-6.10.1-cp39-abi3-manylinux_2_39_aarch64.whl", hash = "sha256:7d3ca20a40139ca5324a7864f1d91cdf2ff237e11bd16354a42670f2a4eeb13c", size = 558358, upload-time = "2025-11-20T10:09:11.288Z" },
    { url = "https://files.pythonhosted.org/packages/26/41/3f48d724ecc8e42cea8a8442aa9b5a86d394b85093275990038fd1020039/pyside6-6.10.1-cp39-abi3-win_amd64.whl", hash = "sha256:9f89ff994f774420eaa38cec6422fddd5356611d8481774820befd6f3bb84c9e", size = 564424, upload-time = "2025-11-20T10:09:12.677Z" },
    { url = "https://files.pythonhosted.org/packages/af/30/395411473b433875a82f6b5fdd0cb28f19a0e345bcaac9fbc039400d7072/pyside6-6.10.1-cp39-abi3-win_arm64.whl", hash = "sha256:9c5c1d94387d1a32a6fae25348097918ef413b87dfa3767c46f737c6d48ae437", size = 548866, upload-time = "2025-11-20T10:09:14.174Z" },
]

[[package]]
name = "pyside6-addons"
version = "6.10.1"
source = { registry = "https://pypi.org/simple" }
dependencies = [
    { name = "pyside6-essentials" },
    { name = "shiboken6" },
]
wheels = [
    { url = "https://files.pythonhosted.org/packages/2d/f9/b72a2578d7dbef7741bb90b5756b4ef9c99a5b40148ea53ce7f048573fe9/pyside6_addons-6.10.1-cp39-abi3-macosx_13_0_universal2.whl", hash = "sha256:4d2b82bbf9b861134845803837011e5f9ac7d33661b216805273cf0c6d0f8e82", size = 322639446, upload-time = "2025-11-20T09:54:50.75Z" },
    { url = "https://files.pythonhosted.org/packages/94/3b/3ed951c570a15570706a89d39bfd4eaaffdf16d5c2dca17e82fc3ec8aaa6/pyside6_addons-6.10.1-cp39-abi3-manylinux_2_34_x86_64.whl", hash = "sha256:330c229b58d30083a7b99ed22e118eb4f4126408429816a4044ccd0438ae81b4", size = 170678293, upload-time = "2025-11-20T09:56:40.991Z" },
    { url = "https://files.pythonhosted.org/packages/22/77/4c780b204d0bf3323a75c184e349d063e208db44c993f1214aa4745d6f47/pyside6_addons-6.10.1-cp39-abi3-manylinux_2_39_aarch64.whl", hash = "sha256:56864b5fecd6924187a2d0f7e98d968ed72b6cc267caa5b294cd7e88fff4e54c", size = 166365011, upload-time = "2025-11-20T09:57:20.261Z" },
    { url = "https://files.pythonhosted.org/packages/04/14/58239776499e6b279fa6ca2e0d47209531454b99f6bd2ad7c96f11109416/pyside6_addons-6.10.1-cp39-abi3-win_amd64.whl", hash = "sha256:b6e249d15407dd33d6a2ffabd9dc6d7a8ab8c95d05f16a71dad4d07781c76341", size = 164864664, upload-time = "2025-11-20T09:57:54.815Z" },
    { url = "https://files.pythonhosted.org/packages/e2/cd/1b74108671ba4b1ebb2661330665c4898b089e9c87f7ba69fe2438f3d1b6/pyside6_addons-6.10.1-cp39-abi3-win_arm64.whl", hash = "sha256:0de303c0447326cdc6c8be5ab066ef581e2d0baf22560c9362d41b8304fdf2db", size = 34191225, upload-time = "2025-11-20T09:58:04.184Z" },
]

[[package]]
name = "pyside6-essentials"
version = "6.10.1"
source = { registry = "https://pypi.org/simple" }
dependencies = [
    { name = "shiboken6" },
]
wheels = [
    { url = "https://files.pythonhosted.org/packages/04/b0/c43209fecef79912e9b1c70a1b5172b1edf76caebcc885c58c60a09613b0/pyside6_essentials-6.10.1-cp39-abi3-macosx_13_0_universal2.whl", hash = "sha256:cd224aff3bb26ff1fca32c050e1c4d0bd9f951a96219d40d5f3d0128485b0bbe", size = 105461499, upload-time = "2025-11-20T09:59:23.733Z" },
    { url = "https://files.pythonhosted.org/packages/5f/8e/b69ba7fa0c701f3f4136b50460441697ec49ee6ea35c229eb2a5ee4b5952/pyside6_essentials-6.10.1-cp39-abi3-manylinux_2_34_x86_64.whl", hash = "sha256:e9ccbfb58c03911a0bce1f2198605b02d4b5ca6276bfc0cbcf7c6f6393ffb856", size = 76764617, upload-time = "2025-11-20T09:59:38.831Z" },
    { url = "https://files.pythonhosted.org/packages/bd/83/569d27f4b6c6b9377150fe1a3745d64d02614021bea233636bc936a23423/pyside6_essentials-6.10.1-cp39-abi3-manylinux_2_39_aarch64.whl", hash = "sha256:ec8617c9b143b0c19ba1cc5a7e98c538e4143795480cb152aee47802c18dc5d2", size = 75850373, upload-time = "2025-11-20T09:59:56.082Z" },
    { url = "https://files.pythonhosted.org/packages/1e/64/a8df6333de8ccbf3a320e1346ca30d0f314840aff5e3db9b4b66bf38e26c/pyside6_essentials-6.10.1-cp39-abi3-win_amd64.whl", hash = "sha256:9555a48e8f0acf63fc6a23c250808db841b28a66ed6ad89ee0e4df7628752674", size = 74491180, upload-time = "2025-11-20T10:00:11.215Z" },
    { url = "https://files.pythonhosted.org/packages/67/da/65cc6c6a870d4ea908c59b2f0f9e2cf3bfc6c0710ebf278ed72f69865e4e/pyside6_essentials-6.10.1-cp39-abi3-win_arm64.whl", hash = "sha256:4d1d248644f1778f8ddae5da714ca0f5a150a5e6f602af2765a7d21b876da05c", size = 55190458, upload-time = "2025-11-20T10:00:26.226Z" },
]

[[package]]
name = "qtpy"
version = "2.4.3"
source = { registry = "https://pypi.org/simple" }
dependencies = [
    { name = "packaging" },
]
sdist = { url = "https://files.pythonhosted.org/packages/70/01/392eba83c8e47b946b929d7c46e0f04b35e9671f8bb6fc36b6f7945b4de8/qtpy-2.4.3.tar.gz", hash = "sha256:db744f7832e6d3da90568ba6ccbca3ee2b3b4a890c3d6fbbc63142f6e4cdf5bb", size = 66982, upload-time = "2025-02-11T15:09:25.759Z" }
wheels = [
    { url = "https://files.pythonhosted.org/packages/69/76/37c0ccd5ab968a6a438f9c623aeecc84c202ab2fabc6a8fd927580c15b5a/QtPy-2.4.3-py3-none-any.whl", hash = "sha256:72095afe13673e017946cc258b8d5da43314197b741ed2890e563cf384b51aa1", size = 95045, upload-time = "2025-02-11T15:09:24.162Z" },
]

[[package]]
name = "scipy"
version = "1.17.0"
source = { registry = "https://pypi.org/simple" }
dependencies = [
    { name = "numpy" },
]
sdist = { url = "https://files.pythonhosted.org/packages/56/3e/9cca699f3486ce6bc12ff46dc2031f1ec8eb9ccc9a320fdaf925f1417426/scipy-1.17.0.tar.gz", hash = "sha256:2591060c8e648d8b96439e111ac41fd8342fdeff1876be2e19dea3fe8930454e", size = 30396830, upload-time = "2026-01-10T21:34:23.009Z" }
wheels = [
    { url = "https://files.pythonhosted.org/packages/1e/4b/c89c131aa87cad2b77a54eb0fb94d633a842420fa7e919dc2f922037c3d8/scipy-1.17.0-cp311-cp311-macosx_10_14_x86_64.whl", hash = "sha256:2abd71643797bd8a106dff97894ff7869eeeb0af0f7a5ce02e4227c6a2e9d6fd", size = 31381316, upload-time = "2026-01-10T21:24:33.42Z" },
    { url = "https://files.pythonhosted.org/packages/5e/5f/a6b38f79a07d74989224d5f11b55267714707582908a5f1ae854cf9a9b84/scipy-1.17.0-cp311-cp311-macosx_12_0_arm64.whl", hash = "sha256:ef28d815f4d2686503e5f4f00edc387ae58dfd7a2f42e348bb53359538f01558", size = 27966760, upload-time = "2026-01-10T21:24:38.911Z" },
    { url = "https://files.pythonhosted.org/packages/c1/20/095ad24e031ee8ed3c5975954d816b8e7e2abd731e04f8be573de8740885/scipy-1.17.0-cp311-cp311-macosx_14_0_arm64.whl", hash = "sha256:272a9f16d6bb4667e8b50d25d71eddcc2158a214df1b566319298de0939d2ab7", size = 20138701, upload-time = "2026-01-10T21:24:43.249Z" },
    { url = "https://files.pythonhosted.org/packages/89/11/4aad2b3858d0337756f3323f8960755704e530b27eb2a94386c970c32cbe/scipy-1.17.0-cp311-cp311-macosx_14_0_x86_64.whl", hash = "sha256:7204fddcbec2fe6598f1c5fdf027e9f259106d05202a959a9f1aecf036adc9f6", size = 22480574, upload-time = "2026-01-10T21:24:47.266Z" },
    { url = "https://files.pythonhosted.org/packages/85/bd/f5af70c28c6da2227e510875cadf64879855193a687fb19951f0f44cfd6b/scipy-1.17.0-cp311-cp311-manylinux_2_27_aarch64.manylinux_2_28_aarch64.whl", hash = "sha256:fc02c37a5639ee67d8fb646ffded6d793c06c5622d36b35cfa8fe5ececb8f042", size = 32862414, upload-time = "2026-01-10T21:24:52.566Z" },
    { url = "https://files.pythonhosted.org/packages/ef/df/df1457c4df3826e908879fe3d76bc5b6e60aae45f4ee42539512438cfd5d/scipy-1.17.0-cp311-cp311-manylinux_2_27_x86_64.manylinux_2_28_x86_64.whl", hash = "sha256:dac97a27520d66c12a34fd90a4fe65f43766c18c0d6e1c0a80f114d2260080e4", size = 35112380, upload-time = "2026-01-10T21:24:58.433Z" },
    { url = "https://files.pythonhosted.org/packages/5f/bb/88e2c16bd1dd4de19d80d7c5e238387182993c2fb13b4b8111e3927ad422/scipy-1.17.0-cp311-cp311-musllinux_1_2_aarch64.whl", hash = "sha256:ebb7446a39b3ae0fe8f416a9a3fdc6fba3f11c634f680f16a239c5187bc487c0", size = 34922676, upload-time = "2026-01-10T21:25:04.287Z" },
    { url = "https://files.pythonhosted.org/packages/02/ba/5120242cc735f71fc002cff0303d536af4405eb265f7c60742851e7ccfe9/scipy-1.17.0-cp311-cp311-musllinux_1_2_x86_64.whl", hash = "sha256:474da16199f6af66601a01546144922ce402cb17362e07d82f5a6cf8f963e449", size = 37507599, upload-time = "2026-01-10T21:25:09.851Z" },
    { url = "https://files.pythonhosted.org/packages/52/c8/08629657ac6c0da198487ce8cd3de78e02cfde42b7f34117d56a3fe249dc/scipy-1.17.0-cp311-cp311-win_amd64.whl", hash = "sha256:255c0da161bd7b32a6c898e7891509e8a9289f0b1c6c7d96142ee0d2b114c2ea", size = 36380284, upload-time = "2026-01-10T21:25:15.632Z" },
    { url = "https://files.pythonhosted.org/packages/6c/4a/465f96d42c6f33ad324a40049dfd63269891db9324aa66c4a1c108c6f994/scipy-1.17.0-cp311-cp311-win_arm64.whl", hash = "sha256:85b0ac3ad17fa3be50abd7e69d583d98792d7edc08367e01445a1e2076005379", size = 24370427, upload-time = "2026-01-10T21:25:20.514Z" },
]

[[package]]
name = "shiboken6"
version = "6.10.1"
source = { registry = "https://pypi.org/simple" }
wheels = [
    { url = "https://files.pythonhosted.org/packages/6f/8b/e5db743d505ceea3efc4cd9634a3bee22a3e2bf6e07cefd28c9b9edabcc6/shiboken6-6.10.1-cp39-abi3-macosx_13_0_universal2.whl", hash = "sha256:9f2990f5b61b0b68ecadcd896ab4441f2cb097eef7797ecc40584107d9850d71", size = 478483, upload-time = "2025-11-20T10:08:52.411Z" },
    { url = "https://files.pythonhosted.org/packages/56/ba/b50c1a44b3c4643f482afbf1a0ea58f393827307100389ce29404f9ad3b0/shiboken6-6.10.1-cp39-abi3-manylinux_2_34_x86_64.whl", hash = "sha256:f4221a52dfb81f24a0d20cc4f8981cb6edd810d5a9fb28287ce10d342573a0e4", size = 271993, upload-time = "2025-11-20T10:08:54.093Z" },
    { url = "https://files.pythonhosted.org/packages/16/b8/939c24ebd662b0aa5c945443d0973145b3fb7079f0196274ef7bb4b98f73/shiboken6-6.10.1-cp39-abi3-manylinux_2_39_aarch64.whl", hash = "sha256:c095b00f4d6bf578c0b2464bb4e264b351a99345374478570f69e2e679a2a1d0", size = 268691, upload-time = "2025-11-20T10:08:55.639Z" },
    { url = "https://files.pythonhosted.org/packages/cf/a6/8c65ee0fa5e172ebcca03246b1bc3bd96cdaf1d60537316648536b7072a5/shiboken6-6.10.1-cp39-abi3-win_amd64.whl", hash = "sha256:c1601d3cda1fa32779b141663873741b54e797cb0328458d7466281f117b0a4e", size = 1234704, upload-time = "2025-11-20T10:08:57.417Z" },
    { url = "https://files.pythonhosted.org/packages/7b/6a/c0fea2f2ac7d9d96618c98156500683a4d1f93fea0e8c5a2bc39913d7ef1/shiboken6-6.10.1-cp39-abi3-win_arm64.whl", hash = "sha256:5cf800917008587b551005a45add2d485cca66f5f7ecd5b320e9954e40448cc9", size = 1795567, upload-time = "2025-11-20T10:08:59.184Z" },
]
